{
  "name": "userjs-tk-javascript",
  "version": "1.0.0",
  "lockfileVersion": 1,
  "requires": true,
  "dependencies": {
    "@types/greasemonkey": {
      "version": "0.0.28",
      "resolved": "https://registry.npmjs.org/@types/greasemonkey/-/greasemonkey-0.0.28.tgz",
      "integrity": "sha1-uwMHCzNJZINjQ+ANJkvQ7P+exg0="
    }
  }
}
